
Microsoft Visual Studio Solution File, Format Version 12.00
# Visual Studio Version 16
VisualStudioVersion = 16.0.31005.135
MinimumVisualStudioVersion = 10.0.40219.1
Project("{FAE04EC0-301F-11D3-BF4B-00C04F79EFBC}") = "SehirUlkeTahminOyunu", "SehirUlkeTahminOyunu\SehirUlkeTahminOyunu.csproj", "{F0F35958-AD48-4841-8034-33CB7401B80D}"
EndProject
Global
	GlobalSection(SolutionConfigurationPlatforms) = preSolution
		Debug|Any CPU = Debug|Any CPU
		Release|Any CPU = Release|Any CPU
	EndGlobalSection
	GlobalSection(ProjectConfigurationPlatforms) = postSolution
		{F0F35958-AD48-4841-8034-33CB7401B80D}.Debug|Any CPU.ActiveCfg = Debug|Any CPU
		{F0F35958-AD48-4841-8034-33CB7401B80D}.Debug|Any CPU.Build.0 = Debug|Any CPU
		{F0F35958-AD48-4841-8034-33CB7401B80D}.Release|Any CPU.ActiveCfg = Release|Any CPU
		{F0F35958-AD48-4841-8034-33CB7401B80D}.Release|Any CPU.Build.0 = Release|Any CPU
	EndGlobalSection
	GlobalSection(SolutionProperties) = preSolution
		HideSolutionNode = FALSE
	EndGlobalSection
	GlobalSection(ExtensibilityGlobals) = postSolution
		SolutionGuid = {0596B6A3-31AA-4798-B074-912BA918010C}
	EndGlobalSection
EndGlobal
